
Microsoft Visual Studio Solution File, Format Version 12.00
# Visual Studio 15
VisualStudioVersion = 15.0.28010.2016
MinimumVisualStudioVersion = 10.0.40219.1
Project("{FAE04EC0-301F-11D3-BF4B-00C04F79EFBC}") = "TextProject", "TextProject\TextProject.csproj", "{018325AB-4394-4FB8-A429-4139809FB0F7}"
EndProject
Global
	GlobalSection(SolutionConfigurationPlatforms) = preSolution
		Debug|Any CPU = Debug|Any CPU
		Release|Any CPU = Release|Any CPU
	EndGlobalSection
	GlobalSection(ProjectConfigurationPlatforms) = postSolution
		{018325AB-4394-4FB8-A429-4139809FB0F7}.Debug|Any CPU.ActiveCfg = Debug|Any CPU
		{018325AB-4394-4FB8-A429-4139809FB0F7}.Debug|Any CPU.Build.0 = Debug|Any CPU
		{018325AB-4394-4FB8-A429-4139809FB0F7}.Release|Any CPU.ActiveCfg = Release|Any CPU
		{018325AB-4394-4FB8-A429-4139809FB0F7}.Release|Any CPU.Build.0 = Release|Any CPU
	EndGlobalSection
	GlobalSection(SolutionProperties) = preSolution
		HideSolutionNode = FALSE
	EndGlobalSection
	GlobalSection(ExtensibilityGlobals) = postSolution
		SolutionGuid = {528E5A18-3332-460B-8F36-A7CEC6511CB3}
	EndGlobalSection
EndGlobal
